<?xml version="1.0" encoding="utf-8"?>
<Project ToolsVersion="4.0" xmlns="http://schemas.microsoft.com/developer/msbuild/2003">
  <ItemGroup>
    <Filter Include="병원">
      <UniqueIdentifier>{aaa4d5fb-1d42-4f7c-80bd-7686f9f29e0d}</UniqueIdentifier>
    </Filter>
    <Filter Include="데스크 직원">
      <UniqueIdentifier>{7607e40b-0c26-4c1a-9a4e-56e0606c18b0}</UniqueIdentifier>
    </Filter>
    <Filter Include="병동">
      <UniqueIdentifier>{4a40679d-d06e-48a4-821a-bce028eaf760}</UniqueIdentifier>
    </Filter>
    <Filter Include="병동\우울증">
      <UniqueIdentifier>{17702bd4-ff76-45b9-a1d3-61b42d6da924}</UniqueIdentifier>
    </Filter>
    <Filter Include="병동\불면증">
      <UniqueIdentifier>{168a3c9b-8d05-41bc-85bf-a89a3a59cdd3}</UniqueIdentifier>
    </Filter>
    <Filter Include="병동\정서불안">
      <UniqueIdentifier>{123d8c6f-b46a-45aa-8374-16ff5f176706}</UniqueIdentifier>
    </Filter>
    <Filter Include="병동\조현증">
      <UniqueIdentifier>{7dd7b6d5-6e02-411b-a60b-5fb307eca62a}</UniqueIdentifier>
    </Filter>
    <Filter Include="환자">
      <UniqueIdentifier>{9fdef5b0-892b-4149-8ab3-1069aca9d784}</UniqueIdentifier>
    </Filter>
    <Filter Include="turboc">
      <UniqueIdentifier>{5e3da042-cdbf-4035-b91a-d0dc0a770999}</UniqueIdentifier>
    </Filter>
  </ItemGroup>
  <ItemGroup>
    <ClCompile Include="main.cpp">
      <Filter>병원</Filter>
    </ClCompile>
    <ClCompile Include="Task.cpp">
      <Filter>데스크 직원</Filter>
    </ClCompile>
    <ClCompile Include="Insomnia.cpp">
      <Filter>병동\불면증</Filter>
    </ClCompile>
    <ClCompile Include="Mentalunease.cpp">
      <Filter>병동\정서불안</Filter>
    </ClCompile>
    <ClCompile Include="Depression.cpp">
      <Filter>병동\우울증</Filter>
    </ClCompile>
    <ClCompile Include="Schizophrenia.cpp">
      <Filter>병동\조현증</Filter>
    </ClCompile>
    <ClCompile Include="turboc.c">
      <Filter>turboc</Filter>
    </ClCompile>
  </ItemGroup>
  <ItemGroup>
    <ClInclude Include="Task.h">
      <Filter>데스크 직원</Filter>
    </ClInclude>
    <ClInclude Include="Insomnia.h">
      <Filter>병동\불면증</Filter>
    </ClInclude>
    <ClInclude Include="Mentalunease.h">
      <Filter>병동\정서불안</Filter>
    </ClInclude>
    <ClInclude Include="Depression.h">
      <Filter>병동\우울증</Filter>
    </ClInclude>
    <ClInclude Include="Schizophrenia.h">
      <Filter>병동\조현증</Filter>
    </ClInclude>
    <ClInclude Include="Patient.h">
      <Filter>환자</Filter>
    </ClInclude>
    <ClInclude Include="turboc.h">
      <Filter>turboc</Filter>
    </ClInclude>
  </ItemGroup>
</Project>